
Microsoft Visual Studio Solution File, Format Version 12.00
# Visual Studio Version 17
VisualStudioVersion = 17.14.36121.58 d17.14
MinimumVisualStudioVersion = 10.0.40219.1
Project("{FAE04EC0-301F-11D3-BF4B-00C04F79EFBC}") = "AuthServiceImpl", "AuthService.csproj", "{B7EDFE7F-7E7E-4AB3-9A0C-8E14D9C52276}"
EndProject
Global
	GlobalSection(SolutionConfigurationPlatforms) = preSolution
		Debug|Any CPU = Debug|Any CPU
		Release|Any CPU = Release|Any CPU
	EndGlobalSection
	GlobalSection(ProjectConfigurationPlatforms) = postSolution
		{B7EDFE7F-7E7E-4AB3-9A0C-8E14D9C52276}.Debug|Any CPU.ActiveCfg = Debug|Any CPU
		{B7EDFE7F-7E7E-4AB3-9A0C-8E14D9C52276}.Debug|Any CPU.Build.0 = Debug|Any CPU
		{B7EDFE7F-7E7E-4AB3-9A0C-8E14D9C52276}.Release|Any CPU.ActiveCfg = Release|Any CPU
		{B7EDFE7F-7E7E-4AB3-9A0C-8E14D9C52276}.Release|Any CPU.Build.0 = Release|Any CPU
	EndGlobalSection
	GlobalSection(SolutionProperties) = preSolution
		HideSolutionNode = FALSE
	EndGlobalSection
	GlobalSection(ExtensibilityGlobals) = postSolution
		SolutionGuid = {78A3FF60-17CE-425B-B3DD-04454A09BA88}
	EndGlobalSection
EndGlobal
